// !$*UTF8*$!
{
	archiveVersion = 1;
	classes = {
	};
	objectVersion = 56;
	objects = {

/* Begin PBXBuildFile section */
		A907C1E52C285CC700F8802B /* ModelType.swift in Sources */ = {isa = PBXBuildFile; fileRef = A907C1E42C285CC700F8802B /* ModelType.swift */; };
		A907C1F02C287A9F00F8802B /* WelcomeView.swift in Sources */ = {isa = PBXBuildFile; fileRef = A907C1EF2C287A9F00F8802B /* WelcomeView.swift */; };
		A907C1F22C287BB900F8802B /* SignUpView.swift in Sources */ = {isa = PBXBuildFile; fileRef = A907C1F12C287BB900F8802B /* SignUpView.swift */; };
		A90CEABD2C3C4F9400986305 /* ARViewModel.swift in Sources */ = {isa = PBXBuildFile; fileRef = A90CEABC2C3C4F9400986305 /* ARViewModel.swift */; };
		A90F4B9E2C54C56200C89FE3 /* VisualIndicatorService.swift in Sources */ = {isa = PBXBuildFile; fileRef = A90F4B9D2C54C56200C89FE3 /* VisualIndicatorService.swift */; };
		A90F4BA02C54D06400C89FE3 /* RelativeMapBuilder.swift in Sources */ = {isa = PBXBuildFile; fileRef = A90F4B9F2C54D06400C89FE3 /* RelativeMapBuilder.swift */; };
		A91CD55B2C130DE10056DE4D /* POI.swift in Sources */ = {isa = PBXBuildFile; fileRef = A91CD55A2C130DE10056DE4D /* POI.swift */; };
		A92BB4F72C26FF62004061D7 /* RequestLocationView.swift in Sources */ = {isa = PBXBuildFile; fileRef = A92BB4F62C26FF62004061D7 /* RequestLocationView.swift */; };
		A92BB5042C27F4F8004061D7 /* BDMService.swift in Sources */ = {isa = PBXBuildFile; fileRef = A92BB5032C27F4F8004061D7 /* BDMService.swift */; };
		A92BB5082C27F6E0004061D7 /* RoomScanData.swift in Sources */ = {isa = PBXBuildFile; fileRef = A92BB5072C27F6DF004061D7 /* RoomScanData.swift */; };
		A92BB50E2C282BE7004061D7 /* CustomButton.swift in Sources */ = {isa = PBXBuildFile; fileRef = A92BB50D2C282BE7004061D7 /* CustomButton.swift */; };
		A92BB5122C28311A004061D7 /* KeyboardObserver.swift in Sources */ = {isa = PBXBuildFile; fileRef = A92BB5112C28311A004061D7 /* KeyboardObserver.swift */; };
		A92BB5142C283473004061D7 /* CustomAlertModifier.swift in Sources */ = {isa = PBXBuildFile; fileRef = A92BB5132C283473004061D7 /* CustomAlertModifier.swift */; };
		A93ACCF22C45355A0032B7A2 /* Salon.scn in Resources */ = {isa = PBXBuildFile; fileRef = A93ACCF12C45355A0032B7A2 /* Salon.scn */; };
		A93ACCF42C45397F0032B7A2 /* ARKit.framework in Frameworks */ = {isa = PBXBuildFile; fileRef = A93ACCF32C45397F0032B7A2 /* ARKit.framework */; };
		A94488092C03522E0007A9F0 /* UserLocationAnnotationView.swift in Sources */ = {isa = PBXBuildFile; fileRef = A94488082C03522E0007A9F0 /* UserLocationAnnotationView.swift */; };
		A94488102C0352E00007A9F0 /* CenterButton.swift in Sources */ = {isa = PBXBuildFile; fileRef = A944880F2C0352E00007A9F0 /* CenterButton.swift */; };
		A94488172C0355A90007A9F0 /* MyLocationExtension.swift in Sources */ = {isa = PBXBuildFile; fileRef = A94488162C0355A90007A9F0 /* MyLocationExtension.swift */; };
		A9496DAF2BE380BD009F2B97 /* DataFields.swift in Sources */ = {isa = PBXBuildFile; fileRef = A9496DAE2BE380BD009F2B97 /* DataFields.swift */; };
		A9496DB32BE381AB009F2B97 /* ErrorMessage.swift in Sources */ = {isa = PBXBuildFile; fileRef = A9496DB22BE381AB009F2B97 /* ErrorMessage.swift */; };
		A9496DB52BE381D0009F2B97 /* LoginButton.swift in Sources */ = {isa = PBXBuildFile; fileRef = A9496DB42BE381D0009F2B97 /* LoginButton.swift */; };
		A9496DB72BE381FF009F2B97 /* SignUpButton.swift in Sources */ = {isa = PBXBuildFile; fileRef = A9496DB62BE381FF009F2B97 /* SignUpButton.swift */; };
		A94CDD132C4D8642006FC0E3 /* ARViewExtension.swift in Sources */ = {isa = PBXBuildFile; fileRef = A94CDD122C4D8642006FC0E3 /* ARViewExtension.swift */; };
		A97563E22BA6DA43002B08AD /* MapzinApp.swift in Sources */ = {isa = PBXBuildFile; fileRef = A97563E12BA6DA43002B08AD /* MapzinApp.swift */; };
		A97563E42BA6DA43002B08AD /* HomeView.swift in Sources */ = {isa = PBXBuildFile; fileRef = A97563E32BA6DA43002B08AD /* HomeView.swift */; };
		A97563E62BA6DA44002B08AD /* Assets.xcassets in Resources */ = {isa = PBXBuildFile; fileRef = A97563E52BA6DA44002B08AD /* Assets.xcassets */; };
		A97563E92BA6DA44002B08AD /* Preview Assets.xcassets in Resources */ = {isa = PBXBuildFile; fileRef = A97563E82BA6DA44002B08AD /* Preview Assets.xcassets */; };
		A97563F32BA6DA44002B08AD /* MapzinTests.swift in Sources */ = {isa = PBXBuildFile; fileRef = A97563F22BA6DA44002B08AD /* MapzinTests.swift */; };
		A97563FD2BA6DA44002B08AD /* MapzinUITests.swift in Sources */ = {isa = PBXBuildFile; fileRef = A97563FC2BA6DA44002B08AD /* MapzinUITests.swift */; };
		A97563FF2BA6DA44002B08AD /* MapzinUITestsLaunchTests.swift in Sources */ = {isa = PBXBuildFile; fileRef = A97563FE2BA6DA44002B08AD /* MapzinUITestsLaunchTests.swift */; };
		A97A7B1B2C0D8E3600DA4619 /* Logger.swift in Sources */ = {isa = PBXBuildFile; fileRef = A97A7B1A2C0D8E3600DA4619 /* Logger.swift */; };
		A97A7B1E2C0D907400DA4619 /* SwiftyBeaver in Frameworks */ = {isa = PBXBuildFile; productRef = A97A7B1D2C0D907400DA4619 /* SwiftyBeaver */; };
		A9916A5D2BE3462A00427095 /* User.swift in Sources */ = {isa = PBXBuildFile; fileRef = A9916A5C2BE3462A00427095 /* User.swift */; };
		A9916A662BE35E6700427095 /* FirebaseAnalytics in Frameworks */ = {isa = PBXBuildFile; productRef = A9916A652BE35E6700427095 /* FirebaseAnalytics */; };
		A9916A682BE35E6700427095 /* FirebaseAnalyticsSwift in Frameworks */ = {isa = PBXBuildFile; productRef = A9916A672BE35E6700427095 /* FirebaseAnalyticsSwift */; };
		A9916A6A2BE35E6700427095 /* FirebaseAuth in Frameworks */ = {isa = PBXBuildFile; productRef = A9916A692BE35E6700427095 /* FirebaseAuth */; };
		A9916A6C2BE35E6700427095 /* FirebaseCrashlytics in Frameworks */ = {isa = PBXBuildFile; productRef = A9916A6B2BE35E6700427095 /* FirebaseCrashlytics */; };
		A9916A6E2BE35E6700427095 /* FirebaseDatabase in Frameworks */ = {isa = PBXBuildFile; productRef = A9916A6D2BE35E6700427095 /* FirebaseDatabase */; };
		A9916A702BE35E6700427095 /* FirebaseDatabaseSwift in Frameworks */ = {isa = PBXBuildFile; productRef = A9916A6F2BE35E6700427095 /* FirebaseDatabaseSwift */; };
		A9916A722BE35E6700427095 /* FirebaseFirestore in Frameworks */ = {isa = PBXBuildFile; productRef = A9916A712BE35E6700427095 /* FirebaseFirestore */; };
		A9916A742BE35E6700427095 /* FirebaseStorage in Frameworks */ = {isa = PBXBuildFile; productRef = A9916A732BE35E6700427095 /* FirebaseStorage */; };
		A9916A7D2BE362DE00427095 /* LoginViewModel.swift in Sources */ = {isa = PBXBuildFile; fileRef = A9916A7C2BE362DE00427095 /* LoginViewModel.swift */; };
		A9916A812BE3635F00427095 /* LoginView.swift in Sources */ = {isa = PBXBuildFile; fileRef = A9916A802BE3635F00427095 /* LoginView.swift */; };
		A9916A832BE36B8000427095 /* UserLocation.swift in Sources */ = {isa = PBXBuildFile; fileRef = A9916A822BE36B8000427095 /* UserLocation.swift */; };
		A9916A862BE36BB800427095 /* LocationService.swift in Sources */ = {isa = PBXBuildFile; fileRef = A9916A852BE36BB800427095 /* LocationService.swift */; };
		A9923A022C4FD2E8007171D2 /* NodeData.swift in Sources */ = {isa = PBXBuildFile; fileRef = A9923A012C4FD2E8007171D2 /* NodeData.swift */; };
		A9923A042C4FED70007171D2 /* MockData.swift in Sources */ = {isa = PBXBuildFile; fileRef = A9923A032C4FED70007171D2 /* MockData.swift */; };
		A9923A062C4FF168007171D2 /* Position.swift in Sources */ = {isa = PBXBuildFile; fileRef = A9923A052C4FF168007171D2 /* Position.swift */; };
		A9923A0C2C4FFA65007171D2 /* QRCodeServiceProtocol.swift in Sources */ = {isa = PBXBuildFile; fileRef = A9923A0B2C4FFA65007171D2 /* QRCodeServiceProtocol.swift */; };
		A9923A0E2C4FFA90007171D2 /* NavigationServiceProtocol.swift in Sources */ = {isa = PBXBuildFile; fileRef = A9923A0D2C4FFA90007171D2 /* NavigationServiceProtocol.swift */; };
		A99B1F432C219BE8002B7B32 /* AppScreenType.swift in Sources */ = {isa = PBXBuildFile; fileRef = A99B1F422C219BE8002B7B32 /* AppScreenType.swift */; };
		A99B1F452C21A494002B7B32 /* CoordinatorView.swift in Sources */ = {isa = PBXBuildFile; fileRef = A99B1F442C21A494002B7B32 /* CoordinatorView.swift */; };
		A99B1F482C21A69E002B7B32 /* LocationDetailsSheet.swift in Sources */ = {isa = PBXBuildFile; fileRef = A99B1F472C21A69E002B7B32 /* LocationDetailsSheet.swift */; };
		A99B1F4A2C21B4D4002B7B32 /* TransparentNavBar.swift in Sources */ = {isa = PBXBuildFile; fileRef = A99B1F492C21B4D4002B7B32 /* TransparentNavBar.swift */; };
		A99B1F4D2C22D34B002B7B32 /* Building.swift in Sources */ = {isa = PBXBuildFile; fileRef = A99B1F4C2C22D34B002B7B32 /* Building.swift */; };
		A99B1F4F2C22D37B002B7B32 /* BuildingViewModel.swift in Sources */ = {isa = PBXBuildFile; fileRef = A99B1F4E2C22D37B002B7B32 /* BuildingViewModel.swift */; };
		A99B1F522C22D5C8002B7B32 /* BuildingCardView.swift in Sources */ = {isa = PBXBuildFile; fileRef = A99B1F512C22D5C8002B7B32 /* BuildingCardView.swift */; };
		A99B1F542C22D5E0002B7B32 /* SwiftUIX in Frameworks */ = {isa = PBXBuildFile; productRef = A99B1F532C22D5E0002B7B32 /* SwiftUIX */; };
		A99B1F562C22D674002B7B32 /* CardViewModifier.swift in Sources */ = {isa = PBXBuildFile; fileRef = A99B1F552C22D674002B7B32 /* CardViewModifier.swift */; };
		A99B1F592C22E11C002B7B32 /* MainFullScreenGradient.swift in Sources */ = {isa = PBXBuildFile; fileRef = A99B1F582C22E11C002B7B32 /* MainFullScreenGradient.swift */; };
		A9A683C32C1EF1000016455C /* KeyboardAdaptive.swift in Sources */ = {isa = PBXBuildFile; fileRef = A9A683C22C1EF1000016455C /* KeyboardAdaptive.swift */; };
		A9A683C52C1EF8CA0016455C /* CustomTextField.swift in Sources */ = {isa = PBXBuildFile; fileRef = A9A683C42C1EF8CA0016455C /* CustomTextField.swift */; };
		A9A683C72C1F225E0016455C /* SelectBuilding.swift in Sources */ = {isa = PBXBuildFile; fileRef = A9A683C62C1F225E0016455C /* SelectBuilding.swift */; };
		A9A683CB2C1F26940016455C /* Coordinator.swift in Sources */ = {isa = PBXBuildFile; fileRef = A9A683CA2C1F26940016455C /* Coordinator.swift */; };
		A9BE73B02C3A69D100B1B808 /* SheetType.swift in Sources */ = {isa = PBXBuildFile; fileRef = A9BE73AF2C3A69D100B1B808 /* SheetType.swift */; };
		A9BE73B72C3A6C3900B1B808 /* GoogleService-Info.plist in Resources */ = {isa = PBXBuildFile; fileRef = A9BE73B62C3A6C3900B1B808 /* GoogleService-Info.plist */; };
		A9BE73B92C3A6D4600B1B808 /* Floor.swift in Sources */ = {isa = PBXBuildFile; fileRef = A9BE73B82C3A6D4600B1B808 /* Floor.swift */; };
		A9C4AC812C01FCDC000C4D3E /* HeaderView.swift in Sources */ = {isa = PBXBuildFile; fileRef = A9C4AC802C01FCDC000C4D3E /* HeaderView.swift */; };
		A9C4AC832C01FD06000C4D3E /* LookAroundPreviewView.swift in Sources */ = {isa = PBXBuildFile; fileRef = A9C4AC822C01FD06000C4D3E /* LookAroundPreviewView.swift */; };
		A9C4AC852C01FD5E000C4D3E /* ActionButtons.swift in Sources */ = {isa = PBXBuildFile; fileRef = A9C4AC842C01FD5E000C4D3E /* ActionButtons.swift */; };
		A9C4AC872C01FDF4000C4D3E /* MapView.swift in Sources */ = {isa = PBXBuildFile; fileRef = A9C4AC862C01FDF4000C4D3E /* MapView.swift */; };
		A9C4AC892C01FE08000C4D3E /* SearchBar.swift in Sources */ = {isa = PBXBuildFile; fileRef = A9C4AC882C01FE08000C4D3E /* SearchBar.swift */; };
		A9C4AC8F2C020701000C4D3E /* SearchResultsList.swift in Sources */ = {isa = PBXBuildFile; fileRef = A9C4AC8E2C020701000C4D3E /* SearchResultsList.swift */; };
		A9C4AC932C0210A9000C4D3E /* SearchViewModel.swift in Sources */ = {isa = PBXBuildFile; fileRef = A9C4AC922C0210A9000C4D3E /* SearchViewModel.swift */; };
		A9CB41102C401F1400CF40FA /* ARSessionService.swift in Sources */ = {isa = PBXBuildFile; fileRef = A9CB410F2C401F1400CF40FA /* ARSessionService.swift */; };
		A9CB41142C4022B500CF40FA /* ARCameraService.swift in Sources */ = {isa = PBXBuildFile; fileRef = A9CB41132C4022B500CF40FA /* ARCameraService.swift */; };
		A9D5A09E2C4D1C98009BCE96 /* ARSessionServiceProtocol.swift in Sources */ = {isa = PBXBuildFile; fileRef = A9D5A09D2C4D1C98009BCE96 /* ARSessionServiceProtocol.swift */; };
		A9D5A0A02C4D1CB1009BCE96 /* ARViewModelProtocol.swift in Sources */ = {isa = PBXBuildFile; fileRef = A9D5A09F2C4D1CB1009BCE96 /* ARViewModelProtocol.swift */; };
		A9D5A0A22C4D2CB0009BCE96 /* ARCameraServiceProtocol.swift in Sources */ = {isa = PBXBuildFile; fileRef = A9D5A0A12C4D2CB0009BCE96 /* ARCameraServiceProtocol.swift */; };
		A9D5A0A42C4D5D98009BCE96 /* SCNVector3Extension.swift in Sources */ = {isa = PBXBuildFile; fileRef = A9D5A0A32C4D5D98009BCE96 /* SCNVector3Extension.swift */; };
		A9D5A0A92C4D6101009BCE96 /* NavigationService.swift in Sources */ = {isa = PBXBuildFile; fileRef = A9D5A0A82C4D6101009BCE96 /* NavigationService.swift */; };
		A9DE093D2C688FB1004CF027 /* POIService.swift in Sources */ = {isa = PBXBuildFile; fileRef = A9DE093C2C688FB1004CF027 /* POIService.swift */; };
		A9DE093F2C68F3C8004CF027 /* LoginViewModelTests.swift in Sources */ = {isa = PBXBuildFile; fileRef = A9DE093E2C68F3C8004CF027 /* LoginViewModelTests.swift */; };
		A9E352562C01BC9200CF7605 /* LocationDetailsView.swift in Sources */ = {isa = PBXBuildFile; fileRef = A9E352552C01BC9200CF7605 /* LocationDetailsView.swift */; };
		A9E669222C4551CC007C95A5 /* MyARView.swift in Sources */ = {isa = PBXBuildFile; fileRef = A9E669212C4551CC007C95A5 /* MyARView.swift */; };
		A9E8C5692C08478B004CFBBA /* FirebaseAuthService.swift in Sources */ = {isa = PBXBuildFile; fileRef = A9E8C5682C08478B004CFBBA /* FirebaseAuthService.swift */; };
		A9F2F4A22C3E90BB00DF5960 /* FloorMap.swift in Sources */ = {isa = PBXBuildFile; fileRef = A9F2F4A12C3E90BB00DF5960 /* FloorMap.swift */; };
		A9F2F4A72C3ED38400DF5960 /* Primary_bdm.scn in Resources */ = {isa = PBXBuildFile; fileRef = A9F2F4A62C3ED38400DF5960 /* Primary_bdm.scn */; };
		A9F2F4A92C3FDDD900DF5960 /* ARkitMet.swift in Sources */ = {isa = PBXBuildFile; fileRef = A9F2F4A82C3FDDD900DF5960 /* ARkitMet.swift */; };
/* End PBXBuildFile section */

/* Begin PBXContainerItemProxy section */
		A97563EF2BA6DA44002B08AD /* PBXContainerItemProxy */ = {
			isa = PBXContainerItemProxy;
			containerPortal = A97563D62BA6DA43002B08AD /* Project object */;
			proxyType = 1;
			remoteGlobalIDString = A97563DD2BA6DA43002B08AD;
			remoteInfo = Mapzin;
		};
		A97563F92BA6DA44002B08AD /* PBXContainerItemProxy */ = {
			isa = PBXContainerItemProxy;
			containerPortal = A97563D62BA6DA43002B08AD /* Project object */;
			proxyType = 1;
			remoteGlobalIDString = A97563DD2BA6DA43002B08AD;
			remoteInfo = Mapzin;
		};
/* End PBXContainerItemProxy section */

/* Begin PBXFileReference section */
		A907C1E42C285CC700F8802B /* ModelType.swift */ = {isa = PBXFileReference; lastKnownFileType = sourcecode.swift; path = ModelType.swift; sourceTree = "<group>"; };
		A907C1EF2C287A9F00F8802B /* WelcomeView.swift */ = {isa = PBXFileReference; lastKnownFileType = sourcecode.swift; path = WelcomeView.swift; sourceTree = "<group>"; };
		A907C1F12C287BB900F8802B /* SignUpView.swift */ = {isa = PBXFileReference; lastKnownFileType = sourcecode.swift; path = SignUpView.swift; sourceTree = "<group>"; };
		A90CEABC2C3C4F9400986305 /* ARViewModel.swift */ = {isa = PBXFileReference; lastKnownFileType = sourcecode.swift; path = ARViewModel.swift; sourceTree = "<group>"; };
		A90F4B9D2C54C56200C89FE3 /* VisualIndicatorService.swift */ = {isa = PBXFileReference; lastKnownFileType = sourcecode.swift; path = VisualIndicatorService.swift; sourceTree = "<group>"; };
		A90F4B9F2C54D06400C89FE3 /* RelativeMapBuilder.swift */ = {isa = PBXFileReference; lastKnownFileType = sourcecode.swift; path = RelativeMapBuilder.swift; sourceTree = "<group>"; };
		A91CD55A2C130DE10056DE4D /* POI.swift */ = {isa = PBXFileReference; lastKnownFileType = sourcecode.swift; path = POI.swift; sourceTree = "<group>"; };
		A92BB4F62C26FF62004061D7 /* RequestLocationView.swift */ = {isa = PBXFileReference; lastKnownFileType = sourcecode.swift; path = RequestLocationView.swift; sourceTree = "<group>"; };
		A92BB5032C27F4F8004061D7 /* BDMService.swift */ = {isa = PBXFileReference; lastKnownFileType = sourcecode.swift; path = BDMService.swift; sourceTree = "<group>"; };
		A92BB5072C27F6DF004061D7 /* RoomScanData.swift */ = {isa = PBXFileReference; lastKnownFileType = sourcecode.swift; path = RoomScanData.swift; sourceTree = "<group>"; };
		A92BB50D2C282BE7004061D7 /* CustomButton.swift */ = {isa = PBXFileReference; lastKnownFileType = sourcecode.swift; path = CustomButton.swift; sourceTree = "<group>"; };
		A92BB5112C28311A004061D7 /* KeyboardObserver.swift */ = {isa = PBXFileReference; lastKnownFileType = sourcecode.swift; path = KeyboardObserver.swift; sourceTree = "<group>"; };
		A92BB5132C283473004061D7 /* CustomAlertModifier.swift */ = {isa = PBXFileReference; lastKnownFileType = sourcecode.swift; path = CustomAlertModifier.swift; sourceTree = "<group>"; };
		A93ACCF12C45355A0032B7A2 /* Salon.scn */ = {isa = PBXFileReference; lastKnownFileType = file.bplist; path = Salon.scn; sourceTree = "<group>"; };
		A93ACCF32C45397F0032B7A2 /* ARKit.framework */ = {isa = PBXFileReference; lastKnownFileType = wrapper.framework; name = ARKit.framework; path = System/Library/Frameworks/ARKit.framework; sourceTree = SDKROOT; };
		A94488082C03522E0007A9F0 /* UserLocationAnnotationView.swift */ = {isa = PBXFileReference; lastKnownFileType = sourcecode.swift; path = UserLocationAnnotationView.swift; sourceTree = "<group>"; };
		A944880F2C0352E00007A9F0 /* CenterButton.swift */ = {isa = PBXFileReference; lastKnownFileType = sourcecode.swift; path = CenterButton.swift; sourceTree = "<group>"; };
		A94488162C0355A90007A9F0 /* MyLocationExtension.swift */ = {isa = PBXFileReference; lastKnownFileType = sourcecode.swift; path = MyLocationExtension.swift; sourceTree = "<group>"; };
		A9496DA82BE36F00009F2B97 /* Info.plist */ = {isa = PBXFileReference; lastKnownFileType = text.plist; path = Info.plist; sourceTree = "<group>"; };
		A9496DAE2BE380BD009F2B97 /* DataFields.swift */ = {isa = PBXFileReference; lastKnownFileType = sourcecode.swift; path = DataFields.swift; sourceTree = "<group>"; };
		A9496DB22BE381AB009F2B97 /* ErrorMessage.swift */ = {isa = PBXFileReference; lastKnownFileType = sourcecode.swift; path = ErrorMessage.swift; sourceTree = "<group>"; };
		A9496DB42BE381D0009F2B97 /* LoginButton.swift */ = {isa = PBXFileReference; lastKnownFileType = sourcecode.swift; path = LoginButton.swift; sourceTree = "<group>"; };
		A9496DB62BE381FF009F2B97 /* SignUpButton.swift */ = {isa = PBXFileReference; lastKnownFileType = sourcecode.swift; path = SignUpButton.swift; sourceTree = "<group>"; };
		A94CDD122C4D8642006FC0E3 /* ARViewExtension.swift */ = {isa = PBXFileReference; lastKnownFileType = sourcecode.swift; path = ARViewExtension.swift; sourceTree = "<group>"; };
		A97563DE2BA6DA43002B08AD /* Mapzin.app */ = {isa = PBXFileReference; explicitFileType = wrapper.application; includeInIndex = 0; path = Mapzin.app; sourceTree = BUILT_PRODUCTS_DIR; };
		A97563E12BA6DA43002B08AD /* MapzinApp.swift */ = {isa = PBXFileReference; lastKnownFileType = sourcecode.swift; path = MapzinApp.swift; sourceTree = "<group>"; };
		A97563E32BA6DA43002B08AD /* HomeView.swift */ = {isa = PBXFileReference; lastKnownFileType = sourcecode.swift; path = HomeView.swift; sourceTree = "<group>"; };
		A97563E52BA6DA44002B08AD /* Assets.xcassets */ = {isa = PBXFileReference; lastKnownFileType = folder.assetcatalog; path = Assets.xcassets; sourceTree = "<group>"; };
		A97563E82BA6DA44002B08AD /* Preview Assets.xcassets */ = {isa = PBXFileReference; lastKnownFileType = folder.assetcatalog; path = "Preview Assets.xcassets"; sourceTree = "<group>"; };
		A97563EE2BA6DA44002B08AD /* MapzinTests.xctest */ = {isa = PBXFileReference; explicitFileType = wrapper.cfbundle; includeInIndex = 0; path = MapzinTests.xctest; sourceTree = BUILT_PRODUCTS_DIR; };
		A97563F22BA6DA44002B08AD /* MapzinTests.swift */ = {isa = PBXFileReference; lastKnownFileType = sourcecode.swift; path = MapzinTests.swift; sourceTree = "<group>"; };
		A97563F82BA6DA44002B08AD /* MapzinUITests.xctest */ = {isa = PBXFileReference; explicitFileType = wrapper.cfbundle; includeInIndex = 0; path = MapzinUITests.xctest; sourceTree = BUILT_PRODUCTS_DIR; };
		A97563FC2BA6DA44002B08AD /* MapzinUITests.swift */ = {isa = PBXFileReference; lastKnownFileType = sourcecode.swift; path = MapzinUITests.swift; sourceTree = "<group>"; };
		A97563FE2BA6DA44002B08AD /* MapzinUITestsLaunchTests.swift */ = {isa = PBXFileReference; lastKnownFileType = sourcecode.swift; path = MapzinUITestsLaunchTests.swift; sourceTree = "<group>"; };
		A97A7B1A2C0D8E3600DA4619 /* Logger.swift */ = {isa = PBXFileReference; lastKnownFileType = sourcecode.swift; path = Logger.swift; sourceTree = "<group>"; };
		A98523052C3BB438008CF22F /* Position.swift */ = {isa = PBXFileReference; lastKnownFileType = sourcecode.swift; path = Position.swift; sourceTree = "<group>"; };
		A9916A5C2BE3462A00427095 /* User.swift */ = {isa = PBXFileReference; lastKnownFileType = sourcecode.swift; path = User.swift; sourceTree = "<group>"; };
		A9916A7C2BE362DE00427095 /* LoginViewModel.swift */ = {isa = PBXFileReference; lastKnownFileType = sourcecode.swift; path = LoginViewModel.swift; sourceTree = "<group>"; };
		A9916A802BE3635F00427095 /* LoginView.swift */ = {isa = PBXFileReference; lastKnownFileType = sourcecode.swift; path = LoginView.swift; sourceTree = "<group>"; };
		A9916A822BE36B8000427095 /* UserLocation.swift */ = {isa = PBXFileReference; lastKnownFileType = sourcecode.swift; path = UserLocation.swift; sourceTree = "<group>"; };
		A9916A852BE36BB800427095 /* LocationService.swift */ = {isa = PBXFileReference; lastKnownFileType = sourcecode.swift; path = LocationService.swift; sourceTree = "<group>"; };
		A9923A012C4FD2E8007171D2 /* NodeData.swift */ = {isa = PBXFileReference; lastKnownFileType = sourcecode.swift; path = NodeData.swift; sourceTree = "<group>"; };
		A9923A032C4FED70007171D2 /* MockData.swift */ = {isa = PBXFileReference; lastKnownFileType = sourcecode.swift; path = MockData.swift; sourceTree = "<group>"; };
		A9923A052C4FF168007171D2 /* Position.swift */ = {isa = PBXFileReference; lastKnownFileType = sourcecode.swift; path = Position.swift; sourceTree = "<group>"; };
		A9923A0B2C4FFA65007171D2 /* QRCodeServiceProtocol.swift */ = {isa = PBXFileReference; lastKnownFileType = sourcecode.swift; path = QRCodeServiceProtocol.swift; sourceTree = "<group>"; };
		A9923A0D2C4FFA90007171D2 /* NavigationServiceProtocol.swift */ = {isa = PBXFileReference; lastKnownFileType = sourcecode.swift; path = NavigationServiceProtocol.swift; sourceTree = "<group>"; };
		A99B1F422C219BE8002B7B32 /* AppScreenType.swift */ = {isa = PBXFileReference; lastKnownFileType = sourcecode.swift; path = AppScreenType.swift; sourceTree = "<group>"; };
		A99B1F442C21A494002B7B32 /* CoordinatorView.swift */ = {isa = PBXFileReference; lastKnownFileType = sourcecode.swift; path = CoordinatorView.swift; sourceTree = "<group>"; };
		A99B1F472C21A69E002B7B32 /* LocationDetailsSheet.swift */ = {isa = PBXFileReference; lastKnownFileType = sourcecode.swift; path = LocationDetailsSheet.swift; sourceTree = "<group>"; };
		A99B1F492C21B4D4002B7B32 /* TransparentNavBar.swift */ = {isa = PBXFileReference; lastKnownFileType = sourcecode.swift; path = TransparentNavBar.swift; sourceTree = "<group>"; };
		A99B1F4C2C22D34B002B7B32 /* Building.swift */ = {isa = PBXFileReference; lastKnownFileType = sourcecode.swift; path = Building.swift; sourceTree = "<group>"; };
		A99B1F4E2C22D37B002B7B32 /* BuildingViewModel.swift */ = {isa = PBXFileReference; lastKnownFileType = sourcecode.swift; path = BuildingViewModel.swift; sourceTree = "<group>"; };
		A99B1F512C22D5C8002B7B32 /* BuildingCardView.swift */ = {isa = PBXFileReference; lastKnownFileType = sourcecode.swift; path = BuildingCardView.swift; sourceTree = "<group>"; };
		A99B1F552C22D674002B7B32 /* CardViewModifier.swift */ = {isa = PBXFileReference; lastKnownFileType = sourcecode.swift; path = CardViewModifier.swift; sourceTree = "<group>"; };
		A99B1F582C22E11C002B7B32 /* MainFullScreenGradient.swift */ = {isa = PBXFileReference; lastKnownFileType = sourcecode.swift; path = MainFullScreenGradient.swift; sourceTree = "<group>"; };
		A9A683C22C1EF1000016455C /* KeyboardAdaptive.swift */ = {isa = PBXFileReference; lastKnownFileType = sourcecode.swift; path = KeyboardAdaptive.swift; sourceTree = "<group>"; };
		A9A683C42C1EF8CA0016455C /* CustomTextField.swift */ = {isa = PBXFileReference; lastKnownFileType = sourcecode.swift; path = CustomTextField.swift; sourceTree = "<group>"; };
		A9A683C62C1F225E0016455C /* SelectBuilding.swift */ = {isa = PBXFileReference; lastKnownFileType = sourcecode.swift; path = SelectBuilding.swift; sourceTree = "<group>"; };
		A9A683CA2C1F26940016455C /* Coordinator.swift */ = {isa = PBXFileReference; lastKnownFileType = sourcecode.swift; path = Coordinator.swift; sourceTree = "<group>"; };
		A9BE73AF2C3A69D100B1B808 /* SheetType.swift */ = {isa = PBXFileReference; lastKnownFileType = sourcecode.swift; path = SheetType.swift; sourceTree = "<group>"; };
		A9BE73B62C3A6C3900B1B808 /* GoogleService-Info.plist */ = {isa = PBXFileReference; fileEncoding = 4; lastKnownFileType = text.plist.xml; path = "GoogleService-Info.plist"; sourceTree = "<group>"; };
		A9BE73B82C3A6D4600B1B808 /* Floor.swift */ = {isa = PBXFileReference; lastKnownFileType = sourcecode.swift; path = Floor.swift; sourceTree = "<group>"; };
		A9C4AC802C01FCDC000C4D3E /* HeaderView.swift */ = {isa = PBXFileReference; lastKnownFileType = sourcecode.swift; path = HeaderView.swift; sourceTree = "<group>"; };
		A9C4AC822C01FD06000C4D3E /* LookAroundPreviewView.swift */ = {isa = PBXFileReference; lastKnownFileType = sourcecode.swift; path = LookAroundPreviewView.swift; sourceTree = "<group>"; };
		A9C4AC842C01FD5E000C4D3E /* ActionButtons.swift */ = {isa = PBXFileReference; lastKnownFileType = sourcecode.swift; path = ActionButtons.swift; sourceTree = "<group>"; };
		A9C4AC862C01FDF4000C4D3E /* MapView.swift */ = {isa = PBXFileReference; lastKnownFileType = sourcecode.swift; path = MapView.swift; sourceTree = "<group>"; };
		A9C4AC882C01FE08000C4D3E /* SearchBar.swift */ = {isa = PBXFileReference; lastKnownFileType = sourcecode.swift; path = SearchBar.swift; sourceTree = "<group>"; };
		A9C4AC8E2C020701000C4D3E /* SearchResultsList.swift */ = {isa = PBXFileReference; lastKnownFileType = sourcecode.swift; path = SearchResultsList.swift; sourceTree = "<group>"; };
		A9C4AC922C0210A9000C4D3E /* SearchViewModel.swift */ = {isa = PBXFileReference; lastKnownFileType = sourcecode.swift; path = SearchViewModel.swift; sourceTree = "<group>"; };
		A9CB410F2C401F1400CF40FA /* ARSessionService.swift */ = {isa = PBXFileReference; lastKnownFileType = sourcecode.swift; path = ARSessionService.swift; sourceTree = "<group>"; };
		A9CB41132C4022B500CF40FA /* ARCameraService.swift */ = {isa = PBXFileReference; lastKnownFileType = sourcecode.swift; path = ARCameraService.swift; sourceTree = "<group>"; };
		A9D5A09D2C4D1C98009BCE96 /* ARSessionServiceProtocol.swift */ = {isa = PBXFileReference; lastKnownFileType = sourcecode.swift; path = ARSessionServiceProtocol.swift; sourceTree = "<group>"; };
		A9D5A09F2C4D1CB1009BCE96 /* ARViewModelProtocol.swift */ = {isa = PBXFileReference; lastKnownFileType = sourcecode.swift; path = ARViewModelProtocol.swift; sourceTree = "<group>"; };
		A9D5A0A12C4D2CB0009BCE96 /* ARCameraServiceProtocol.swift */ = {isa = PBXFileReference; lastKnownFileType = sourcecode.swift; path = ARCameraServiceProtocol.swift; sourceTree = "<group>"; };
		A9D5A0A32C4D5D98009BCE96 /* SCNVector3Extension.swift */ = {isa = PBXFileReference; lastKnownFileType = sourcecode.swift; path = SCNVector3Extension.swift; sourceTree = "<group>"; };
		A9D5A0A82C4D6101009BCE96 /* NavigationService.swift */ = {isa = PBXFileReference; lastKnownFileType = sourcecode.swift; path = NavigationService.swift; sourceTree = "<group>"; };
		A9DE093C2C688FB1004CF027 /* POIService.swift */ = {isa = PBXFileReference; lastKnownFileType = sourcecode.swift; path = POIService.swift; sourceTree = "<group>"; };
		A9DE093E2C68F3C8004CF027 /* LoginViewModelTests.swift */ = {isa = PBXFileReference; lastKnownFileType = sourcecode.swift; path = LoginViewModelTests.swift; sourceTree = "<group>"; };
		A9E352552C01BC9200CF7605 /* LocationDetailsView.swift */ = {isa = PBXFileReference; lastKnownFileType = sourcecode.swift; path = LocationDetailsView.swift; sourceTree = "<group>"; };
		A9E669212C4551CC007C95A5 /* MyARView.swift */ = {isa = PBXFileReference; fileEncoding = 4; lastKnownFileType = sourcecode.swift; path = MyARView.swift; sourceTree = "<group>"; };
		A9E8C5682C08478B004CFBBA /* FirebaseAuthService.swift */ = {isa = PBXFileReference; lastKnownFileType = sourcecode.swift; path = FirebaseAuthService.swift; sourceTree = "<group>"; };
		A9F2F4A12C3E90BB00DF5960 /* FloorMap.swift */ = {isa = PBXFileReference; lastKnownFileType = sourcecode.swift; path = FloorMap.swift; sourceTree = "<group>"; };
		A9F2F4A52C3ED38400DF5960 /* Base */ = {isa = PBXFileReference; lastKnownFileType = file.bplist; name = Base; path = Base.lproj/Primary_bdm.scn; sourceTree = "<group>"; };
		A9F2F4A82C3FDDD900DF5960 /* ARkitMet.swift */ = {isa = PBXFileReference; lastKnownFileType = sourcecode.swift; path = ARkitMet.swift; sourceTree = "<group>"; };
/* End PBXFileReference section */

/* Begin PBXFrameworksBuildPhase section */
		A97563DB2BA6DA43002B08AD /* Frameworks */ = {
			isa = PBXFrameworksBuildPhase;
			buildActionMask = 2147483647;
			files = (
				A93ACCF42C45397F0032B7A2 /* ARKit.framework in Frameworks */,
				A9916A702BE35E6700427095 /* FirebaseDatabaseSwift in Frameworks */,
				A9916A6E2BE35E6700427095 /* FirebaseDatabase in Frameworks */,
				A9916A682BE35E6700427095 /* FirebaseAnalyticsSwift in Frameworks */,
				A99B1F542C22D5E0002B7B32 /* SwiftUIX in Frameworks */,
				A9916A6C2BE35E6700427095 /* FirebaseCrashlytics in Frameworks */,
				A9916A6A2BE35E6700427095 /* FirebaseAuth in Frameworks */,
				A9916A742BE35E6700427095 /* FirebaseStorage in Frameworks */,
				A9916A662BE35E6700427095 /* FirebaseAnalytics in Frameworks */,
				A9916A722BE35E6700427095 /* FirebaseFirestore in Frameworks */,
				A97A7B1E2C0D907400DA4619 /* SwiftyBeaver in Frameworks */,
			);
			runOnlyForDeploymentPostprocessing = 0;
		};
		A97563EB2BA6DA44002B08AD /* Frameworks */ = {
			isa = PBXFrameworksBuildPhase;
			buildActionMask = 2147483647;
			files = (
			);
			runOnlyForDeploymentPostprocessing = 0;
		};
		A97563F52BA6DA44002B08AD /* Frameworks */ = {
			isa = PBXFrameworksBuildPhase;
			buildActionMask = 2147483647;
			files = (
			);
			runOnlyForDeploymentPostprocessing = 0;
		};
/* End PBXFrameworksBuildPhase section */

/* Begin PBXGroup section */
		332CBBD07CF7D5536578D3B3 /* Pods */ = {
			isa = PBXGroup;
			children = (
			);
			path = Pods;
			sourceTree = "<group>";
		};
		A907C1EC2C287A5C00F8802B /* Auth */ = {
			isa = PBXGroup;
			children = (
				A9916A802BE3635F00427095 /* LoginView.swift */,
				A907C1EF2C287A9F00F8802B /* WelcomeView.swift */,
				A907C1F12C287BB900F8802B /* SignUpView.swift */,
			);
			path = Auth;
			sourceTree = "<group>";
		};
		A907C1ED2C287A6F00F8802B /* AR */ = {
			isa = PBXGroup;
			children = (
				A9E669212C4551CC007C95A5 /* MyARView.swift */,
			);
			path = AR;
			sourceTree = "<group>";
		};
		A94488042C0351410007A9F0 /* MapView */ = {
			isa = PBXGroup;
			children = (
				A9C4AC7F2C01FC71000C4D3E /* LocationDetailsView */,
				A9C4AC862C01FDF4000C4D3E /* MapView.swift */,
				A94488082C03522E0007A9F0 /* UserLocationAnnotationView.swift */,
			);
			path = MapView;
			sourceTree = "<group>";
		};
		A94488112C0352F70007A9F0 /* Extensions */ = {
			isa = PBXGroup;
			children = (
				A94488162C0355A90007A9F0 /* MyLocationExtension.swift */,
				A9F2F4A82C3FDDD900DF5960 /* ARkitMet.swift */,
				A9D5A0A32C4D5D98009BCE96 /* SCNVector3Extension.swift */,
				A94CDD122C4D8642006FC0E3 /* ARViewExtension.swift */,
			);
			path = Extensions;
			sourceTree = "<group>";
		};
		A94488152C0355630007A9F0 /* Constants */ = {
			isa = PBXGroup;
			children = (
				A99B1F412C219BBE002B7B32 /* Enums */,
				A9A683C22C1EF1000016455C /* KeyboardAdaptive.swift */,
				A92BB5112C28311A004061D7 /* KeyboardObserver.swift */,
			);
			path = Constants;
			sourceTree = "<group>";
		};
		A94488182C035A940007A9F0 /* Search */ = {
			isa = PBXGroup;
			children = (
				A9C4AC8E2C020701000C4D3E /* SearchResultsList.swift */,
				A9C4AC882C01FE08000C4D3E /* SearchBar.swift */,
			);
			path = Search;
			sourceTree = "<group>";
		};
		A9496DB02BE380DE009F2B97 /* Auth */ = {
			isa = PBXGroup;
			children = (
				A9496DAE2BE380BD009F2B97 /* DataFields.swift */,
				A9496DB62BE381FF009F2B97 /* SignUpButton.swift */,
				A9496DB42BE381D0009F2B97 /* LoginButton.swift */,
			);
			path = Auth;
			sourceTree = "<group>";
		};
		A9496DB12BE38101009F2B97 /* Commons */ = {
			isa = PBXGroup;
			children = (
				A944880F2C0352E00007A9F0 /* CenterButton.swift */,
				A9496DB22BE381AB009F2B97 /* ErrorMessage.swift */,
				A9496DB02BE380DE009F2B97 /* Auth */,
				A9A683C42C1EF8CA0016455C /* CustomTextField.swift */,
				A92BB50D2C282BE7004061D7 /* CustomButton.swift */,
			);
			path = Commons;
			sourceTree = "<group>";
		};
		A9496DB92BE383DB009F2B97 /* Views */ = {
			isa = PBXGroup;
			children = (
				A99B1F4B2C21B4D8002B7B32 /* Modifiers */,
				A94488182C035A940007A9F0 /* Search */,
				A9496DB12BE38101009F2B97 /* Commons */,
				A94488042C0351410007A9F0 /* MapView */,
				A99B1F512C22D5C8002B7B32 /* BuildingCardView.swift */,
				A92BB4F62C26FF62004061D7 /* RequestLocationView.swift */,
			);
			name = Views;
			path = Screens/MainScreen/Views;
			sourceTree = "<group>";
		};
		A97563D52BA6DA43002B08AD = {
			isa = PBXGroup;
			children = (
				A97A7B1A2C0D8E3600DA4619 /* Logger.swift */,
				A9F2F4A62C3ED38400DF5960 /* Primary_bdm.scn */,
				A93ACCF12C45355A0032B7A2 /* Salon.scn */,
				A97563E02BA6DA43002B08AD /* Mapzin */,
				A97563F12BA6DA44002B08AD /* MapzinTests */,
				A97563FB2BA6DA44002B08AD /* MapzinUITests */,
				A97563DF2BA6DA43002B08AD /* Products */,
				332CBBD07CF7D5536578D3B3 /* Pods */,
				A97A7B1C2C0D907400DA4619 /* Frameworks */,
			);
			sourceTree = "<group>";
		};
		A97563DF2BA6DA43002B08AD /* Products */ = {
			isa = PBXGroup;
			children = (
				A97563DE2BA6DA43002B08AD /* Mapzin.app */,
				A97563EE2BA6DA44002B08AD /* MapzinTests.xctest */,
				A97563F82BA6DA44002B08AD /* MapzinUITests.xctest */,
			);
			name = Products;
			sourceTree = "<group>";
		};
		A97563E02BA6DA43002B08AD /* Mapzin */ = {
			isa = PBXGroup;
			children = (
				A9D5A0A52C4D5DCC009BCE96 /* Protocols */,
				A9BE73B22C3A6A8800B1B808 /* Resources */,
				A9BE73AE2C3A699900B1B808 /* App */,
				A94488152C0355630007A9F0 /* Constants */,
				A94488112C0352F70007A9F0 /* Extensions */,
				A9496DB92BE383DB009F2B97 /* Views */,
				A9496DA82BE36F00009F2B97 /* Info.plist */,
				A9916A582BE337A000427095 /* Services */,
				A9916A572BE3371000427095 /* Coordinator */,
				A9916A562BE3370100427095 /* ViewModels */,
				A975640C2BA6DB9C002B08AD /* Screens */,
				A975640B2BA6DB91002B08AD /* Models */,
				A97563E72BA6DA44002B08AD /* Preview Content */,
			);
			path = Mapzin;
			sourceTree = "<group>";
		};
		A97563E72BA6DA44002B08AD /* Preview Content */ = {
			isa = PBXGroup;
			children = (
				A97563E82BA6DA44002B08AD /* Preview Assets.xcassets */,
			);
			path = "Preview Content";
			sourceTree = "<group>";
		};
		A97563F12BA6DA44002B08AD /* MapzinTests */ = {
			isa = PBXGroup;
			children = (
				A97563F22BA6DA44002B08AD /* MapzinTests.swift */,
				A9DE093E2C68F3C8004CF027 /* LoginViewModelTests.swift */,
			);
			path = MapzinTests;
			sourceTree = "<group>";
		};
		A97563FB2BA6DA44002B08AD /* MapzinUITests */ = {
			isa = PBXGroup;
			children = (
				A97563FC2BA6DA44002B08AD /* MapzinUITests.swift */,
				A97563FE2BA6DA44002B08AD /* MapzinUITestsLaunchTests.swift */,
			);
			path = MapzinUITests;
			sourceTree = "<group>";
		};
		A975640B2BA6DB91002B08AD /* Models */ = {
			isa = PBXGroup;
			children = (
				A9916A5C2BE3462A00427095 /* User.swift */,
				A9916A822BE36B8000427095 /* UserLocation.swift */,
				A91CD55A2C130DE10056DE4D /* POI.swift */,
				A99B1F4C2C22D34B002B7B32 /* Building.swift */,
				A92BB5072C27F6DF004061D7 /* RoomScanData.swift */,
				A9BE73B82C3A6D4600B1B808 /* Floor.swift */,
				A98523052C3BB438008CF22F /* Position.swift */,
				A9F2F4A12C3E90BB00DF5960 /* FloorMap.swift */,
				A9923A012C4FD2E8007171D2 /* NodeData.swift */,
				A9923A052C4FF168007171D2 /* Position.swift */,
			);
			path = Models;
			sourceTree = "<group>";
		};
		A975640C2BA6DB9C002B08AD /* Screens */ = {
			isa = PBXGroup;
			children = (
				A907C1ED2C287A6F00F8802B /* AR */,
				A907C1EC2C287A5C00F8802B /* Auth */,
				A97563E32BA6DA43002B08AD /* HomeView.swift */,
				A9A683C62C1F225E0016455C /* SelectBuilding.swift */,
			);
			path = Screens;
			sourceTree = "<group>";
		};
		A97891A52C4FB65800E13D34 /* NavigationENG */ = {
			isa = PBXGroup;
			children = (
				A9D5A0A82C4D6101009BCE96 /* NavigationService.swift */,
				A90F4B9F2C54D06400C89FE3 /* RelativeMapBuilder.swift */,
			);
			path = NavigationENG;
			sourceTree = "<group>";
		};
		A97891A62C4FB66600E13D34 /* MapENG */ = {
			isa = PBXGroup;
			children = (
				A92BB5032C27F4F8004061D7 /* BDMService.swift */,
				A90F4B9D2C54C56200C89FE3 /* VisualIndicatorService.swift */,
				A9DE093C2C688FB1004CF027 /* POIService.swift */,
			);
			path = MapENG;
			sourceTree = "<group>";
		};
		A97891A72C4FB67600E13D34 /* ARHelpers */ = {
			isa = PBXGroup;
			children = (
				A9CB410F2C401F1400CF40FA /* ARSessionService.swift */,
			);
			path = ARHelpers;
			sourceTree = "<group>";
		};
		A97A7B1C2C0D907400DA4619 /* Frameworks */ = {
			isa = PBXGroup;
			children = (
				A93ACCF32C45397F0032B7A2 /* ARKit.framework */,
			);
			name = Frameworks;
			sourceTree = "<group>";
		};
		A9916A562BE3370100427095 /* ViewModels */ = {
			isa = PBXGroup;
			children = (
				A9C4AC922C0210A9000C4D3E /* SearchViewModel.swift */,
				A9916A7C2BE362DE00427095 /* LoginViewModel.swift */,
				A99B1F4E2C22D37B002B7B32 /* BuildingViewModel.swift */,
				A90CEABC2C3C4F9400986305 /* ARViewModel.swift */,
			);
			path = ViewModels;
			sourceTree = "<group>";
		};
		A9916A572BE3371000427095 /* Coordinator */ = {
			isa = PBXGroup;
			children = (
				A9A683CA2C1F26940016455C /* Coordinator.swift */,
				A99B1F442C21A494002B7B32 /* CoordinatorView.swift */,
			);
			path = Coordinator;
			sourceTree = "<group>";
		};
		A9916A582BE337A000427095 /* Services */ = {
			isa = PBXGroup;
			children = (
				A97891A72C4FB67600E13D34 /* ARHelpers */,
				A97891A62C4FB66600E13D34 /* MapENG */,
				A97891A52C4FB65800E13D34 /* NavigationENG */,
				A9BE73B12C3A6A2B00B1B808 /* API */,
				A9BE73AB2C3A648500B1B808 /* Sensors */,
				A9923A032C4FED70007171D2 /* MockData.swift */,
			);
			path = Services;
			sourceTree = "<group>";
		};
		A99B1F412C219BBE002B7B32 /* Enums */ = {
			isa = PBXGroup;
			children = (
				A99B1F422C219BE8002B7B32 /* AppScreenType.swift */,
				A907C1E42C285CC700F8802B /* ModelType.swift */,
				A9BE73AF2C3A69D100B1B808 /* SheetType.swift */,
			);
			path = Enums;
			sourceTree = "<group>";
		};
		A99B1F462C21A681002B7B32 /* Sheets */ = {
			isa = PBXGroup;
			children = (
				A99B1F472C21A69E002B7B32 /* LocationDetailsSheet.swift */,
			);
			path = Sheets;
			sourceTree = "<group>";
		};
		A99B1F4B2C21B4D8002B7B32 /* Modifiers */ = {
			isa = PBXGroup;
			children = (
				A99B1F582C22E11C002B7B32 /* MainFullScreenGradient.swift */,
				A99B1F552C22D674002B7B32 /* CardViewModifier.swift */,
				A92BB5132C283473004061D7 /* CustomAlertModifier.swift */,
				A99B1F462C21A681002B7B32 /* Sheets */,
				A99B1F492C21B4D4002B7B32 /* TransparentNavBar.swift */,
			);
			path = Modifiers;
			sourceTree = "<group>";
		};
		A9BE73AB2C3A648500B1B808 /* Sensors */ = {
			isa = PBXGroup;
			children = (
				A9916A852BE36BB800427095 /* LocationService.swift */,
				A9CB41132C4022B500CF40FA /* ARCameraService.swift */,
			);
			path = Sensors;
			sourceTree = "<group>";
		};
		A9BE73AE2C3A699900B1B808 /* App */ = {
			isa = PBXGroup;
			children = (
				A97563E12BA6DA43002B08AD /* MapzinApp.swift */,
			);
			path = App;
			sourceTree = "<group>";
		};
		A9BE73B12C3A6A2B00B1B808 /* API */ = {
			isa = PBXGroup;
			children = (
				A9E8C5682C08478B004CFBBA /* FirebaseAuthService.swift */,
			);
			path = API;
			sourceTree = "<group>";
		};
		A9BE73B22C3A6A8800B1B808 /* Resources */ = {
			isa = PBXGroup;
			children = (
				A9BE73B62C3A6C3900B1B808 /* GoogleService-Info.plist */,
				A97563E52BA6DA44002B08AD /* Assets.xcassets */,
			);
			path = Resources;
			sourceTree = "<group>";
		};
		A9C4AC7F2C01FC71000C4D3E /* LocationDetailsView */ = {
			isa = PBXGroup;
			children = (
				A9E352552C01BC9200CF7605 /* LocationDetailsView.swift */,
				A9C4AC802C01FCDC000C4D3E /* HeaderView.swift */,
				A9C4AC822C01FD06000C4D3E /* LookAroundPreviewView.swift */,
				A9C4AC842C01FD5E000C4D3E /* ActionButtons.swift */,
			);
			path = LocationDetailsView;
			sourceTree = "<group>";
		};
		A9D5A0A52C4D5DCC009BCE96 /* Protocols */ = {
			isa = PBXGroup;
			children = (
				A9D5A0A72C4D5DFC009BCE96 /* ViewModel */,
				A9D5A0A62C4D5DEA009BCE96 /* Services */,
			);
			path = Protocols;
			sourceTree = "<group>";
		};
		A9D5A0A62C4D5DEA009BCE96 /* Services */ = {
			isa = PBXGroup;
			children = (
				A9D5A0A12C4D2CB0009BCE96 /* ARCameraServiceProtocol.swift */,
				A9D5A09D2C4D1C98009BCE96 /* ARSessionServiceProtocol.swift */,
				A9923A0B2C4FFA65007171D2 /* QRCodeServiceProtocol.swift */,
				A9923A0D2C4FFA90007171D2 /* NavigationServiceProtocol.swift */,
			);
			path = Services;
			sourceTree = "<group>";
		};
		A9D5A0A72C4D5DFC009BCE96 /* ViewModel */ = {
			isa = PBXGroup;
			children = (
				A9D5A09F2C4D1CB1009BCE96 /* ARViewModelProtocol.swift */,
			);
			path = ViewModel;
			sourceTree = "<group>";
		};
/* End PBXGroup section */

/* Begin PBXNativeTarget section */
		A97563DD2BA6DA43002B08AD /* Mapzin */ = {
			isa = PBXNativeTarget;
			buildConfigurationList = A97564022BA6DA44002B08AD /* Build configuration list for PBXNativeTarget "Mapzin" */;
			buildPhases = (
				A97563DA2BA6DA43002B08AD /* Sources */,
				A97563DB2BA6DA43002B08AD /* Frameworks */,
				A97563DC2BA6DA43002B08AD /* Resources */,
			);
			buildRules = (
			);
			dependencies = (
			);
			name = Mapzin;
			packageProductDependencies = (
				A9916A652BE35E6700427095 /* FirebaseAnalytics */,
				A9916A672BE35E6700427095 /* FirebaseAnalyticsSwift */,
				A9916A692BE35E6700427095 /* FirebaseAuth */,
				A9916A6B2BE35E6700427095 /* FirebaseCrashlytics */,
				A9916A6D2BE35E6700427095 /* FirebaseDatabase */,
				A9916A6F2BE35E6700427095 /* FirebaseDatabaseSwift */,
				A9916A712BE35E6700427095 /* FirebaseFirestore */,
				A9916A732BE35E6700427095 /* FirebaseStorage */,
				A97A7B1D2C0D907400DA4619 /* SwiftyBeaver */,
				A99B1F532C22D5E0002B7B32 /* SwiftUIX */,
			);
			productName = Mapzin;
			productReference = A97563DE2BA6DA43002B08AD /* Mapzin.app */;
			productType = "com.apple.product-type.application";
		};
		A97563ED2BA6DA44002B08AD /* MapzinTests */ = {
			isa = PBXNativeTarget;
			buildConfigurationList = A97564052BA6DA44002B08AD /* Build configuration list for PBXNativeTarget "MapzinTests" */;
			buildPhases = (
				A97563EA2BA6DA44002B08AD /* Sources */,
				A97563EB2BA6DA44002B08AD /* Frameworks */,
				A97563EC2BA6DA44002B08AD /* Resources */,
			);
			buildRules = (
			);
			dependencies = (
				A97563F02BA6DA44002B08AD /* PBXTargetDependency */,
			);
			name = MapzinTests;
			productName = MapzinTests;
			productReference = A97563EE2BA6DA44002B08AD /* MapzinTests.xctest */;
			productType = "com.apple.product-type.bundle.unit-test";
		};
		A97563F72BA6DA44002B08AD /* MapzinUITests */ = {
			isa = PBXNativeTarget;
			buildConfigurationList = A97564082BA6DA44002B08AD /* Build configuration list for PBXNativeTarget "MapzinUITests" */;
			buildPhases = (
				A97563F42BA6DA44002B08AD /* Sources */,
				A97563F52BA6DA44002B08AD /* Frameworks */,
				A97563F62BA6DA44002B08AD /* Resources */,
			);
			buildRules = (
			);
			dependencies = (
				A97563FA2BA6DA44002B08AD /* PBXTargetDependency */,
			);
			name = MapzinUITests;
			productName = MapzinUITests;
			productReference = A97563F82BA6DA44002B08AD /* MapzinUITests.xctest */;
			productType = "com.apple.product-type.bundle.ui-testing";
		};
/* End PBXNativeTarget section */

/* Begin PBXProject section */
		A97563D62BA6DA43002B08AD /* Project object */ = {
			isa = PBXProject;
			attributes = {
				BuildIndependentTargetsInParallel = 1;
				KnownAssetTags = (
					floor,
				);
				LastSwiftUpdateCheck = 1520;
				LastUpgradeCheck = 1520;
				TargetAttributes = {
					A97563DD2BA6DA43002B08AD = {
						CreatedOnToolsVersion = 15.2;
					};
					A97563ED2BA6DA44002B08AD = {
						CreatedOnToolsVersion = 15.2;
						TestTargetID = A97563DD2BA6DA43002B08AD;
					};
					A97563F72BA6DA44002B08AD = {
						CreatedOnToolsVersion = 15.2;
						TestTargetID = A97563DD2BA6DA43002B08AD;
					};
				};
			};
			buildConfigurationList = A97563D92BA6DA43002B08AD /* Build configuration list for PBXProject "Mapzin" */;
			compatibilityVersion = "Xcode 14.0";
			developmentRegion = en;
			hasScannedForEncodings = 0;
			knownRegions = (
				en,
				Base,
			);
			mainGroup = A97563D52BA6DA43002B08AD;
			packageReferences = (
				A9916A642BE35C6A00427095 /* XCRemoteSwiftPackageReference "firebase-ios-sdk" */,
				A904D0DD2C0D8DC200151E6E /* XCRemoteSwiftPackageReference "SwiftyBeaver" */,
				A99B1F502C22D588002B7B32 /* XCRemoteSwiftPackageReference "SwiftUIX" */,
				A90CEAC22C3C594000986305 /* XCRemoteSwiftPackageReference "ARKit-CoreLocation" */,
			);
			productRefGroup = A97563DF2BA6DA43002B08AD /* Products */;
			projectDirPath = "";
			projectRoot = "";
			targets = (
				A97563DD2BA6DA43002B08AD /* Mapzin */,
				A97563ED2BA6DA44002B08AD /* MapzinTests */,
				A97563F72BA6DA44002B08AD /* MapzinUITests */,
			);
		};
/* End PBXProject section */

/* Begin PBXResourcesBuildPhase section */
		A97563DC2BA6DA43002B08AD /* Resources */ = {
			isa = PBXResourcesBuildPhase;
			buildActionMask = 2147483647;
			files = (
				A97563E92BA6DA44002B08AD /* Preview Assets.xcassets in Resources */,
				A9F2F4A72C3ED38400DF5960 /* Primary_bdm.scn in Resources */,
				A9BE73B72C3A6C3900B1B808 /* GoogleService-Info.plist in Resources */,
				A93ACCF22C45355A0032B7A2 /* Salon.scn in Resources */,
				A97563E62BA6DA44002B08AD /* Assets.xcassets in Resources */,
			);
			runOnlyForDeploymentPostprocessing = 0;
		};
		A97563EC2BA6DA44002B08AD /* Resources */ = {
			isa = PBXResourcesBuildPhase;
			buildActionMask = 2147483647;
			files = (
			);
			runOnlyForDeploymentPostprocessing = 0;
		};
		A97563F62BA6DA44002B08AD /* Resources */ = {
			isa = PBXResourcesBuildPhase;
			buildActionMask = 2147483647;
			files = (
			);
			runOnlyForDeploymentPostprocessing = 0;
		};
/* End PBXResourcesBuildPhase section */

/* Begin PBXSourcesBuildPhase section */
		A97563DA2BA6DA43002B08AD /* Sources */ = {
			isa = PBXSourcesBuildPhase;
			buildActionMask = 2147483647;
			files = (
				A91CD55B2C130DE10056DE4D /* POI.swift in Sources */,
				A99B1F452C21A494002B7B32 /* CoordinatorView.swift in Sources */,
				A92BB5142C283473004061D7 /* CustomAlertModifier.swift in Sources */,
				A9C4AC932C0210A9000C4D3E /* SearchViewModel.swift in Sources */,
				A92BB5042C27F4F8004061D7 /* BDMService.swift in Sources */,
				A92BB50E2C282BE7004061D7 /* CustomButton.swift in Sources */,
				A9916A5D2BE3462A00427095 /* User.swift in Sources */,
				A94488102C0352E00007A9F0 /* CenterButton.swift in Sources */,
				A90CEABD2C3C4F9400986305 /* ARViewModel.swift in Sources */,
				A9496DB52BE381D0009F2B97 /* LoginButton.swift in Sources */,
				A97A7B1B2C0D8E3600DA4619 /* Logger.swift in Sources */,
				A9923A042C4FED70007171D2 /* MockData.swift in Sources */,
				A9E669222C4551CC007C95A5 /* MyARView.swift in Sources */,
				A94488172C0355A90007A9F0 /* MyLocationExtension.swift in Sources */,
				A92BB4F72C26FF62004061D7 /* RequestLocationView.swift in Sources */,
				A9D5A0A42C4D5D98009BCE96 /* SCNVector3Extension.swift in Sources */,
				A9923A022C4FD2E8007171D2 /* NodeData.swift in Sources */,
				A97563E42BA6DA43002B08AD /* HomeView.swift in Sources */,
				A9C4AC832C01FD06000C4D3E /* LookAroundPreviewView.swift in Sources */,
				A9496DB32BE381AB009F2B97 /* ErrorMessage.swift in Sources */,
				A9496DAF2BE380BD009F2B97 /* DataFields.swift in Sources */,
				A9BE73B92C3A6D4600B1B808 /* Floor.swift in Sources */,
				A99B1F522C22D5C8002B7B32 /* BuildingCardView.swift in Sources */,
				A9496DB72BE381FF009F2B97 /* SignUpButton.swift in Sources */,
				A99B1F4A2C21B4D4002B7B32 /* TransparentNavBar.swift in Sources */,
				A9CB41142C4022B500CF40FA /* ARCameraService.swift in Sources */,
				A9A683C72C1F225E0016455C /* SelectBuilding.swift in Sources */,
				A9A683C52C1EF8CA0016455C /* CustomTextField.swift in Sources */,
				A9916A7D2BE362DE00427095 /* LoginViewModel.swift in Sources */,
				A92BB5082C27F6E0004061D7 /* RoomScanData.swift in Sources */,
				A9923A0E2C4FFA90007171D2 /* NavigationServiceProtocol.swift in Sources */,
				A907C1E52C285CC700F8802B /* ModelType.swift in Sources */,
				A94CDD132C4D8642006FC0E3 /* ARViewExtension.swift in Sources */,
				A94488092C03522E0007A9F0 /* UserLocationAnnotationView.swift in Sources */,
				A9D5A0A22C4D2CB0009BCE96 /* ARCameraServiceProtocol.swift in Sources */,
				A9A683C32C1EF1000016455C /* KeyboardAdaptive.swift in Sources */,
				A92BB5122C28311A004061D7 /* KeyboardObserver.swift in Sources */,
				A9E8C5692C08478B004CFBBA /* FirebaseAuthService.swift in Sources */,
				A9F2F4A92C3FDDD900DF5960 /* ARkitMet.swift in Sources */,
				A9D5A0A02C4D1CB1009BCE96 /* ARViewModelProtocol.swift in Sources */,
				A9CB41102C401F1400CF40FA /* ARSessionService.swift in Sources */,
				A9C4AC8F2C020701000C4D3E /* SearchResultsList.swift in Sources */,
				A99B1F4F2C22D37B002B7B32 /* BuildingViewModel.swift in Sources */,
				A99B1F432C219BE8002B7B32 /* AppScreenType.swift in Sources */,
				A9916A832BE36B8000427095 /* UserLocation.swift in Sources */,
				A9C4AC852C01FD5E000C4D3E /* ActionButtons.swift in Sources */,
				A9E352562C01BC9200CF7605 /* LocationDetailsView.swift in Sources */,
				A97563E22BA6DA43002B08AD /* MapzinApp.swift in Sources */,
				A9916A862BE36BB800427095 /* LocationService.swift in Sources */,
				A9C4AC872C01FDF4000C4D3E /* MapView.swift in Sources */,
				A9D5A09E2C4D1C98009BCE96 /* ARSessionServiceProtocol.swift in Sources */,
				A9BE73B02C3A69D100B1B808 /* SheetType.swift in Sources */,
				A99B1F482C21A69E002B7B32 /* LocationDetailsSheet.swift in Sources */,
				A90F4B9E2C54C56200C89FE3 /* VisualIndicatorService.swift in Sources */,
				A90F4BA02C54D06400C89FE3 /* RelativeMapBuilder.swift in Sources */,
				A9D5A0A92C4D6101009BCE96 /* NavigationService.swift in Sources */,
				A9923A0C2C4FFA65007171D2 /* QRCodeServiceProtocol.swift in Sources */,
				A9916A812BE3635F00427095 /* LoginView.swift in Sources */,
				A9923A062C4FF168007171D2 /* Position.swift in Sources */,
				A9C4AC892C01FE08000C4D3E /* SearchBar.swift in Sources */,
				A9DE093D2C688FB1004CF027 /* POIService.swift in Sources */,
				A9A683CB2C1F26940016455C /* Coordinator.swift in Sources */,
				A9F2F4A22C3E90BB00DF5960 /* FloorMap.swift in Sources */,
				A907C1F02C287A9F00F8802B /* WelcomeView.swift in Sources */,
				A99B1F592C22E11C002B7B32 /* MainFullScreenGradient.swift in Sources */,
				A907C1F22C287BB900F8802B /* SignUpView.swift in Sources */,
				A99B1F562C22D674002B7B32 /* CardViewModifier.swift in Sources */,
				A99B1F4D2C22D34B002B7B32 /* Building.swift in Sources */,
				A9C4AC812C01FCDC000C4D3E /* HeaderView.swift in Sources */,
			);
			runOnlyForDeploymentPostprocessing = 0;
		};
		A97563EA2BA6DA44002B08AD /* Sources */ = {
			isa = PBXSourcesBuildPhase;
			buildActionMask = 2147483647;
			files = (
				A9DE093F2C68F3C8004CF027 /* LoginViewModelTests.swift in Sources */,
				A97563F32BA6DA44002B08AD /* MapzinTests.swift in Sources */,
			);
			runOnlyForDeploymentPostprocessing = 0;
		};
		A97563F42BA6DA44002B08AD /* Sources */ = {
			isa = PBXSourcesBuildPhase;
			buildActionMask = 2147483647;
			files = (
				A97563FD2BA6DA44002B08AD /* MapzinUITests.swift in Sources */,
				A97563FF2BA6DA44002B08AD /* MapzinUITestsLaunchTests.swift in Sources */,
			);
			runOnlyForDeploymentPostprocessing = 0;
		};
/* End PBXSourcesBuildPhase section */

/* Begin PBXTargetDependency section */
		A97563F02BA6DA44002B08AD /* PBXTargetDependency */ = {
			isa = PBXTargetDependency;
			target = A97563DD2BA6DA43002B08AD /* Mapzin */;
			targetProxy = A97563EF2BA6DA44002B08AD /* PBXContainerItemProxy */;
		};
		A97563FA2BA6DA44002B08AD /* PBXTargetDependency */ = {
			isa = PBXTargetDependency;
			target = A97563DD2BA6DA43002B08AD /* Mapzin */;
			targetProxy = A97563F92BA6DA44002B08AD /* PBXContainerItemProxy */;
		};
/* End PBXTargetDependency section */

/* Begin PBXVariantGroup section */
		A9F2F4A62C3ED38400DF5960 /* Primary_bdm.scn */ = {
			isa = PBXVariantGroup;
			children = (
				A9F2F4A52C3ED38400DF5960 /* Base */,
			);
			name = Primary_bdm.scn;
			sourceTree = "<group>";
		};
/* End PBXVariantGroup section */

/* Begin XCBuildConfiguration section */
		A97564002BA6DA44002B08AD /* Debug */ = {
			isa = XCBuildConfiguration;
			buildSettings = {
				ALWAYS_SEARCH_USER_PATHS = NO;
				ASSETCATALOG_COMPILER_GENERATE_SWIFT_ASSET_SYMBOL_EXTENSIONS = YES;
				CLANG_ANALYZER_NONNULL = YES;
				CLANG_ANALYZER_NUMBER_OBJECT_CONVERSION = YES_AGGRESSIVE;
				CLANG_CXX_LANGUAGE_STANDARD = "gnu++20";
				CLANG_ENABLE_MODULES = YES;
				CLANG_ENABLE_OBJC_ARC = YES;
				CLANG_ENABLE_OBJC_WEAK = YES;
				CLANG_WARN_BLOCK_CAPTURE_AUTORELEASING = YES;
				CLANG_WARN_BOOL_CONVERSION = YES;
				CLANG_WARN_COMMA = YES;
				CLANG_WARN_CONSTANT_CONVERSION = YES;
				CLANG_WARN_DEPRECATED_OBJC_IMPLEMENTATIONS = YES;
				CLANG_WARN_DIRECT_OBJC_ISA_USAGE = YES_ERROR;
				CLANG_WARN_DOCUMENTATION_COMMENTS = YES;
				CLANG_WARN_EMPTY_BODY = YES;
				CLANG_WARN_ENUM_CONVERSION = YES;
				CLANG_WARN_INFINITE_RECURSION = YES;
				CLANG_WARN_INT_CONVERSION = YES;
				CLANG_WARN_NON_LITERAL_NULL_CONVERSION = YES;
				CLANG_WARN_OBJC_IMPLICIT_RETAIN_SELF = YES;
				CLANG_WARN_OBJC_LITERAL_CONVERSION = YES;
				CLANG_WARN_OBJC_ROOT_CLASS = YES_ERROR;
				CLANG_WARN_QUOTED_INCLUDE_IN_FRAMEWORK_HEADER = YES;
				CLANG_WARN_RANGE_LOOP_ANALYSIS = YES;
				CLANG_WARN_STRICT_PROTOTYPES = YES;
				CLANG_WARN_SUSPICIOUS_MOVE = YES;
				CLANG_WARN_UNGUARDED_AVAILABILITY = YES_AGGRESSIVE;
				CLANG_WARN_UNREACHABLE_CODE = YES;
				CLANG_WARN__DUPLICATE_METHOD_MATCH = YES;
				COPY_PHASE_STRIP = NO;
				DEBUG_INFORMATION_FORMAT = dwarf;
				ENABLE_STRICT_OBJC_MSGSEND = YES;
				ENABLE_TESTABILITY = YES;
				ENABLE_USER_SCRIPT_SANDBOXING = YES;
				GCC_C_LANGUAGE_STANDARD = gnu17;
				GCC_DYNAMIC_NO_PIC = NO;
				GCC_NO_COMMON_BLOCKS = YES;
				GCC_OPTIMIZATION_LEVEL = 0;
				GCC_PREPROCESSOR_DEFINITIONS = (
					"DEBUG=1",
					"$(inherited)",
				);
				GCC_WARN_64_TO_32_BIT_CONVERSION = YES;
				GCC_WARN_ABOUT_RETURN_TYPE = YES_ERROR;
				GCC_WARN_UNDECLARED_SELECTOR = YES;
				GCC_WARN_UNINITIALIZED_AUTOS = YES_AGGRESSIVE;
				GCC_WARN_UNUSED_FUNCTION = YES;
				GCC_WARN_UNUSED_VARIABLE = YES;
				IPHONEOS_DEPLOYMENT_TARGET = 17.2;
				LOCALIZATION_PREFERS_STRING_CATALOGS = YES;
				MTL_ENABLE_DEBUG_INFO = INCLUDE_SOURCE;
				MTL_FAST_MATH = YES;
				ONLY_ACTIVE_ARCH = YES;
				SDKROOT = iphoneos;
				SWIFT_ACTIVE_COMPILATION_CONDITIONS = "DEBUG $(inherited)";
				SWIFT_OPTIMIZATION_LEVEL = "-Onone";
			};
			name = Debug;
		};
		A97564012BA6DA44002B08AD /* Release */ = {
			isa = XCBuildConfiguration;
			buildSettings = {
				ALWAYS_SEARCH_USER_PATHS = NO;
				ASSETCATALOG_COMPILER_GENERATE_SWIFT_ASSET_SYMBOL_EXTENSIONS = YES;
				CLANG_ANALYZER_NONNULL = YES;
				CLANG_ANALYZER_NUMBER_OBJECT_CONVERSION = YES_AGGRESSIVE;
				CLANG_CXX_LANGUAGE_STANDARD = "gnu++20";
				CLANG_ENABLE_MODULES = YES;
				CLANG_ENABLE_OBJC_ARC = YES;
				CLANG_ENABLE_OBJC_WEAK = YES;
				CLANG_WARN_BLOCK_CAPTURE_AUTORELEASING = YES;
				CLANG_WARN_BOOL_CONVERSION = YES;
				CLANG_WARN_COMMA = YES;
				CLANG_WARN_CONSTANT_CONVERSION = YES;
				CLANG_WARN_DEPRECATED_OBJC_IMPLEMENTATIONS = YES;
				CLANG_WARN_DIRECT_OBJC_ISA_USAGE = YES_ERROR;
				CLANG_WARN_DOCUMENTATION_COMMENTS = YES;
				CLANG_WARN_EMPTY_BODY = YES;
				CLANG_WARN_ENUM_CONVERSION = YES;
				CLANG_WARN_INFINITE_RECURSION = YES;
				CLANG_WARN_INT_CONVERSION = YES;
				CLANG_WARN_NON_LITERAL_NULL_CONVERSION = YES;
				CLANG_WARN_OBJC_IMPLICIT_RETAIN_SELF = YES;
				CLANG_WARN_OBJC_LITERAL_CONVERSION = YES;
				CLANG_WARN_OBJC_ROOT_CLASS = YES_ERROR;
				CLANG_WARN_QUOTED_INCLUDE_IN_FRAMEWORK_HEADER = YES;
				CLANG_WARN_RANGE_LOOP_ANALYSIS = YES;
				CLANG_WARN_STRICT_PROTOTYPES = YES;
				CLANG_WARN_SUSPICIOUS_MOVE = YES;
				CLANG_WARN_UNGUARDED_AVAILABILITY = YES_AGGRESSIVE;
				CLANG_WARN_UNREACHABLE_CODE = YES;
				CLANG_WARN__DUPLICATE_METHOD_MATCH = YES;
				COPY_PHASE_STRIP = NO;
				DEBUG_INFORMATION_FORMAT = "dwarf-with-dsym";
				ENABLE_NS_ASSERTIONS = NO;
				ENABLE_STRICT_OBJC_MSGSEND = YES;
				ENABLE_USER_SCRIPT_SANDBOXING = YES;
				GCC_C_LANGUAGE_STANDARD = gnu17;
				GCC_NO_COMMON_BLOCKS = YES;
				GCC_WARN_64_TO_32_BIT_CONVERSION = YES;
				GCC_WARN_ABOUT_RETURN_TYPE = YES_ERROR;
				GCC_WARN_UNDECLARED_SELECTOR = YES;
				GCC_WARN_UNINITIALIZED_AUTOS = YES_AGGRESSIVE;
				GCC_WARN_UNUSED_FUNCTION = YES;
				GCC_WARN_UNUSED_VARIABLE = YES;
				IPHONEOS_DEPLOYMENT_TARGET = 17.2;
				LOCALIZATION_PREFERS_STRING_CATALOGS = YES;
				MTL_ENABLE_DEBUG_INFO = NO;
				MTL_FAST_MATH = YES;
				SDKROOT = iphoneos;
				SWIFT_COMPILATION_MODE = wholemodule;
				VALIDATE_PRODUCT = YES;
			};
			name = Release;
		};
		A97564032BA6DA44002B08AD /* Debug */ = {
			isa = XCBuildConfiguration;
			buildSettings = {
				ASSETCATALOG_COMPILER_APPICON_NAME = AppIcon;
				ASSETCATALOG_COMPILER_GLOBAL_ACCENT_COLOR_NAME = AccentColor;
				CODE_SIGN_STYLE = Automatic;
				CURRENT_PROJECT_VERSION = 1;
				DEVELOPMENT_ASSET_PATHS = "\"Mapzin/Preview Content\"";
				DEVELOPMENT_TEAM = C53P78KWXA;
				ENABLE_PREVIEWS = YES;
				GENERATE_INFOPLIST_FILE = YES;
				INFOPLIST_FILE = Mapzin/Info.plist;
				INFOPLIST_KEY_NSCameraUsageDescription = "ARKit requires access to your camera to enable augmented reality experiences.\nARKit requires access to your camera to enable augmented reality experiences.";
				INFOPLIST_KEY_NSLocationAlwaysAndWhenInUseUsageDescription = Permission_User_Location;
				INFOPLIST_KEY_NSLocationAlwaysUsageDescription = "We need your location to provide GPS tracking functionality.";
				INFOPLIST_KEY_NSLocationUsageDescription = "We need your location to provide GPS tracking functionality.";
				INFOPLIST_KEY_NSLocationWhenInUseUsageDescription = "We need your location to provide GPS tracking functionality.";
				INFOPLIST_KEY_NSMotionUsageDescription = "This app requires access to motion data to provide accurate indoor navigation.";
				INFOPLIST_KEY_UIApplicationSceneManifest_Generation = YES;
				INFOPLIST_KEY_UIApplicationSupportsIndirectInputEvents = YES;
				INFOPLIST_KEY_UILaunchScreen_Generation = YES;
				INFOPLIST_KEY_UISupportedInterfaceOrientations_iPad = "UIInterfaceOrientationPortrait UIInterfaceOrientationPortraitUpsideDown UIInterfaceOrientationLandscapeLeft UIInterfaceOrientationLandscapeRight";
				INFOPLIST_KEY_UISupportedInterfaceOrientations_iPhone = "UIInterfaceOrientationPortrait UIInterfaceOrientationLandscapeLeft UIInterfaceOrientationLandscapeRight";
				IPHONEOS_DEPLOYMENT_TARGET = 17.2;
				LD_RUNPATH_SEARCH_PATHS = (
					"$(inherited)",
					"@executable_path/Frameworks",
				);
				MARKETING_VERSION = 1.0;
				PRODUCT_BUNDLE_IDENTIFIER = amir.malamud.Mapzin;
				PRODUCT_NAME = "$(TARGET_NAME)";
				SWIFT_EMIT_LOC_STRINGS = YES;
				SWIFT_VERSION = 5.0;
				TARGETED_DEVICE_FAMILY = "1,2";
			};
			name = Debug;
		};
		A97564042BA6DA44002B08AD /* Release */ = {
			isa = XCBuildConfiguration;
			buildSettings = {
				ASSETCATALOG_COMPILER_APPICON_NAME = AppIcon;
				ASSETCATALOG_COMPILER_GLOBAL_ACCENT_COLOR_NAME = AccentColor;
				CODE_SIGN_STYLE = Automatic;
				CURRENT_PROJECT_VERSION = 1;
				DEVELOPMENT_ASSET_PATHS = "\"Mapzin/Preview Content\"";
				DEVELOPMENT_TEAM = C53P78KWXA;
				ENABLE_PREVIEWS = YES;
				GENERATE_INFOPLIST_FILE = YES;
				INFOPLIST_FILE = Mapzin/Info.plist;
				INFOPLIST_KEY_NSCameraUsageDescription = "ARKit requires access to your camera to enable augmented reality experiences.\nARKit requires access to your camera to enable augmented reality experiences.";
				INFOPLIST_KEY_NSLocationAlwaysAndWhenInUseUsageDescription = Permission_User_Location;
				INFOPLIST_KEY_NSLocationAlwaysUsageDescription = "We need your location to provide GPS tracking functionality.";
				INFOPLIST_KEY_NSLocationUsageDescription = "We need your location to provide GPS tracking functionality.";
				INFOPLIST_KEY_NSLocationWhenInUseUsageDescription = "We need your location to provide GPS tracking functionality.";
				INFOPLIST_KEY_NSMotionUsageDescription = "This app requires access to motion data to provide accurate indoor navigation.";
				INFOPLIST_KEY_UIApplicationSceneManifest_Generation = YES;
				INFOPLIST_KEY_UIApplicationSupportsIndirectInputEvents = YES;
				INFOPLIST_KEY_UILaunchScreen_Generation = YES;
				INFOPLIST_KEY_UISupportedInterfaceOrientations_iPad = "UIInterfaceOrientationPortrait UIInterfaceOrientationPortraitUpsideDown UIInterfaceOrientationLandscapeLeft UIInterfaceOrientationLandscapeRight";
				INFOPLIST_KEY_UISupportedInterfaceOrientations_iPhone = "UIInterfaceOrientationPortrait UIInterfaceOrientationLandscapeLeft UIInterfaceOrientationLandscapeRight";
				IPHONEOS_DEPLOYMENT_TARGET = 17.2;
				LD_RUNPATH_SEARCH_PATHS = (
					"$(inherited)",
					"@executable_path/Frameworks",
				);
				MARKETING_VERSION = 1.0;
				PRODUCT_BUNDLE_IDENTIFIER = amir.malamud.Mapzin;
				PRODUCT_NAME = "$(TARGET_NAME)";
				SWIFT_EMIT_LOC_STRINGS = YES;
				SWIFT_VERSION = 5.0;
				TARGETED_DEVICE_FAMILY = "1,2";
			};
			name = Release;
		};
		A97564062BA6DA44002B08AD /* Debug */ = {
			isa = XCBuildConfiguration;
			buildSettings = {
				ALWAYS_EMBED_SWIFT_STANDARD_LIBRARIES = YES;
				BUNDLE_LOADER = "$(TEST_HOST)";
				CODE_SIGN_STYLE = Automatic;
				CURRENT_PROJECT_VERSION = 1;
				DEVELOPMENT_TEAM = C53P78KWXA;
				GENERATE_INFOPLIST_FILE = YES;
				IPHONEOS_DEPLOYMENT_TARGET = 17.2;
				MARKETING_VERSION = 1.0;
				PRODUCT_BUNDLE_IDENTIFIER = amir.malamud.MapzinTests;
				PRODUCT_NAME = "$(TARGET_NAME)";
				SWIFT_EMIT_LOC_STRINGS = NO;
				SWIFT_VERSION = 5.0;
				TARGETED_DEVICE_FAMILY = "1,2";
				TEST_HOST = "$(BUILT_PRODUCTS_DIR)/Mapzin.app/$(BUNDLE_EXECUTABLE_FOLDER_PATH)/Mapzin";
			};
			name = Debug;
		};
		A97564072BA6DA44002B08AD /* Release */ = {
			isa = XCBuildConfiguration;
			buildSettings = {
				ALWAYS_EMBED_SWIFT_STANDARD_LIBRARIES = YES;
				BUNDLE_LOADER = "$(TEST_HOST)";
				CODE_SIGN_STYLE = Automatic;
				CURRENT_PROJECT_VERSION = 1;
				DEVELOPMENT_TEAM = C53P78KWXA;
				GENERATE_INFOPLIST_FILE = YES;
				IPHONEOS_DEPLOYMENT_TARGET = 17.2;
				MARKETING_VERSION = 1.0;
				PRODUCT_BUNDLE_IDENTIFIER = amir.malamud.MapzinTests;
				PRODUCT_NAME = "$(TARGET_NAME)";
				SWIFT_EMIT_LOC_STRINGS = NO;
				SWIFT_VERSION = 5.0;
				TARGETED_DEVICE_FAMILY = "1,2";
				TEST_HOST = "$(BUILT_PRODUCTS_DIR)/Mapzin.app/$(BUNDLE_EXECUTABLE_FOLDER_PATH)/Mapzin";
			};
			name = Release;
		};
		A97564092BA6DA44002B08AD /* Debug */ = {
			isa = XCBuildConfiguration;
			buildSettings = {
				ALWAYS_EMBED_SWIFT_STANDARD_LIBRARIES = YES;
				CODE_SIGN_STYLE = Automatic;
				CURRENT_PROJECT_VERSION = 1;
				DEVELOPMENT_TEAM = C53P78KWXA;
				GENERATE_INFOPLIST_FILE = YES;
				MARKETING_VERSION = 1.0;
				PRODUCT_BUNDLE_IDENTIFIER = amir.malamud.MapzinUITests;
				PRODUCT_NAME = "$(TARGET_NAME)";
				SWIFT_EMIT_LOC_STRINGS = NO;
				SWIFT_VERSION = 5.0;
				TARGETED_DEVICE_FAMILY = "1,2";
				TEST_TARGET_NAME = Mapzin;
			};
			name = Debug;
		};
		A975640A2BA6DA44002B08AD /* Release */ = {
			isa = XCBuildConfiguration;
			buildSettings = {
				ALWAYS_EMBED_SWIFT_STANDARD_LIBRARIES = YES;
				CODE_SIGN_STYLE = Automatic;
				CURRENT_PROJECT_VERSION = 1;
				DEVELOPMENT_TEAM = C53P78KWXA;
				GENERATE_INFOPLIST_FILE = YES;
				MARKETING_VERSION = 1.0;
				PRODUCT_BUNDLE_IDENTIFIER = amir.malamud.MapzinUITests;
				PRODUCT_NAME = "$(TARGET_NAME)";
				SWIFT_EMIT_LOC_STRINGS = NO;
				SWIFT_VERSION = 5.0;
				TARGETED_DEVICE_FAMILY = "1,2";
				TEST_TARGET_NAME = Mapzin;
			};
			name = Release;
		};
/* End XCBuildConfiguration section */

/* Begin XCConfigurationList section */
		A97563D92BA6DA43002B08AD /* Build configuration list for PBXProject "Mapzin" */ = {
			isa = XCConfigurationList;
			buildConfigurations = (
				A97564002BA6DA44002B08AD /* Debug */,
				A97564012BA6DA44002B08AD /* Release */,
			);
			defaultConfigurationIsVisible = 0;
			defaultConfigurationName = Release;
		};
		A97564022BA6DA44002B08AD /* Build configuration list for PBXNativeTarget "Mapzin" */ = {
			isa = XCConfigurationList;
			buildConfigurations = (
				A97564032BA6DA44002B08AD /* Debug */,
				A97564042BA6DA44002B08AD /* Release */,
			);
			defaultConfigurationIsVisible = 0;
			defaultConfigurationName = Release;
		};
		A97564052BA6DA44002B08AD /* Build configuration list for PBXNativeTarget "MapzinTests" */ = {
			isa = XCConfigurationList;
			buildConfigurations = (
				A97564062BA6DA44002B08AD /* Debug */,
				A97564072BA6DA44002B08AD /* Release */,
			);
			defaultConfigurationIsVisible = 0;
			defaultConfigurationName = Release;
		};
		A97564082BA6DA44002B08AD /* Build configuration list for PBXNativeTarget "MapzinUITests" */ = {
			isa = XCConfigurationList;
			buildConfigurations = (
				A97564092BA6DA44002B08AD /* Debug */,
				A975640A2BA6DA44002B08AD /* Release */,
			);
			defaultConfigurationIsVisible = 0;
			defaultConfigurationName = Release;
		};
/* End XCConfigurationList section */

/* Begin XCRemoteSwiftPackageReference section */
		A904D0DD2C0D8DC200151E6E /* XCRemoteSwiftPackageReference "SwiftyBeaver" */ = {
			isa = XCRemoteSwiftPackageReference;
			repositoryURL = "https://github.com/SwiftyBeaver/SwiftyBeaver.git";
			requirement = {
				kind = upToNextMajorVersion;
				minimumVersion = 2.1.1;
			};
		};
		A90CEAC22C3C594000986305 /* XCRemoteSwiftPackageReference "ARKit-CoreLocation" */ = {
			isa = XCRemoteSwiftPackageReference;
			repositoryURL = "https://github.com/AndrewHartAR/ARKit-CoreLocation.git";
			requirement = {
				kind = upToNextMajorVersion;
				minimumVersion = 1.3.0;
			};
		};
		A9916A642BE35C6A00427095 /* XCRemoteSwiftPackageReference "firebase-ios-sdk" */ = {
			isa = XCRemoteSwiftPackageReference;
			repositoryURL = "https://github.com/firebase/firebase-ios-sdk";
			requirement = {
				kind = upToNextMajorVersion;
				minimumVersion = 10.25.0;
			};
		};
		A99B1F502C22D588002B7B32 /* XCRemoteSwiftPackageReference "SwiftUIX" */ = {
			isa = XCRemoteSwiftPackageReference;
			repositoryURL = "https://github.com/SwiftUIX/SwiftUIX";
			requirement = {
				kind = upToNextMajorVersion;
				minimumVersion = 0.2.1;
			};
		};
/* End XCRemoteSwiftPackageReference section */

/* Begin XCSwiftPackageProductDependency section */
		A97A7B1D2C0D907400DA4619 /* SwiftyBeaver */ = {
			isa = XCSwiftPackageProductDependency;
			package = A904D0DD2C0D8DC200151E6E /* XCRemoteSwiftPackageReference "SwiftyBeaver" */;
			productName = SwiftyBeaver;
		};
		A9916A652BE35E6700427095 /* FirebaseAnalytics */ = {
			isa = XCSwiftPackageProductDependency;
			package = A9916A642BE35C6A00427095 /* XCRemoteSwiftPackageReference "firebase-ios-sdk" */;
			productName = FirebaseAnalytics;
		};
		A9916A672BE35E6700427095 /* FirebaseAnalyticsSwift */ = {
			isa = XCSwiftPackageProductDependency;
			package = A9916A642BE35C6A00427095 /* XCRemoteSwiftPackageReference "firebase-ios-sdk" */;
			productName = FirebaseAnalyticsSwift;
		};
		A9916A692BE35E6700427095 /* FirebaseAuth */ = {
			isa = XCSwiftPackageProductDependency;
			package = A9916A642BE35C6A00427095 /* XCRemoteSwiftPackageReference "firebase-ios-sdk" */;
			productName = FirebaseAuth;
		};
		A9916A6B2BE35E6700427095 /* FirebaseCrashlytics */ = {
			isa = XCSwiftPackageProductDependency;
			package = A9916A642BE35C6A00427095 /* XCRemoteSwiftPackageReference "firebase-ios-sdk" */;
			productName = FirebaseCrashlytics;
		};
		A9916A6D2BE35E6700427095 /* FirebaseDatabase */ = {
			isa = XCSwiftPackageProductDependency;
			package = A9916A642BE35C6A00427095 /* XCRemoteSwiftPackageReference "firebase-ios-sdk" */;
			productName = FirebaseDatabase;
		};
		A9916A6F2BE35E6700427095 /* FirebaseDatabaseSwift */ = {
			isa = XCSwiftPackageProductDependency;
			package = A9916A642BE35C6A00427095 /* XCRemoteSwiftPackageReference "firebase-ios-sdk" */;
			productName = FirebaseDatabaseSwift;
		};
		A9916A712BE35E6700427095 /* FirebaseFirestore */ = {
			isa = XCSwiftPackageProductDependency;
			package = A9916A642BE35C6A00427095 /* XCRemoteSwiftPackageReference "firebase-ios-sdk" */;
			productName = FirebaseFirestore;
		};
		A9916A732BE35E6700427095 /* FirebaseStorage */ = {
			isa = XCSwiftPackageProductDependency;
			package = A9916A642BE35C6A00427095 /* XCRemoteSwiftPackageReference "firebase-ios-sdk" */;
			productName = FirebaseStorage;
		};
		A99B1F532C22D5E0002B7B32 /* SwiftUIX */ = {
			isa = XCSwiftPackageProductDependency;
			package = A99B1F502C22D588002B7B32 /* XCRemoteSwiftPackageReference "SwiftUIX" */;
			productName = SwiftUIX;
		};
/* End XCSwiftPackageProductDependency section */
	};
	rootObject = A97563D62BA6DA43002B08AD /* Project object */;
}
